{
  "name": "micro_app_architecture",
  "lockfileVersion": 3,
  "requires": true,
  "packages": {
    "": {
      "dependencies": {
        "link": "^2.1.0"
      }
    },
    "node_modules/link": {
      "version": "2.1.0",
      "resolved": "https://registry.npmjs.org/link/-/link-2.1.0.tgz",
      "integrity": "sha512-6jgX7ejPBOQaKsFY/9aFEg0HW0JyFuMGDoN+KQX1W94t+8Fi5xwlSlGouRMDqDlrE46drqu4PYduAG7tUwdF7Q==",
      "bin": {
        "link": "dist/cli.js"
      },
      "funding": {
        "url": "https://github.com/privatenumber/link?sponsor=1"
      }
    }
  }
}
